
Microsoft Visual Studio Solution File, Format Version 12.00
# Visual Studio Version 16
VisualStudioVersion = 16.0.31129.286
MinimumVisualStudioVersion = 10.0.40219.1
Project("{9A19103F-16F7-4668-BE54-9A1E7A4F7556}") = "Challenge1.UI", "Challenge1.UI\Challenge1.UI.csproj", "{876CE252-B86E-47F4-8952-1AFBD8DB9815}"
EndProject
Project("{9A19103F-16F7-4668-BE54-9A1E7A4F7556}") = "Challenge1.Entities", "Challenge1.Entities\Challenge1.Entities.csproj", "{BB148610-8A74-4C94-8F03-7E7FCD3496F2}"
EndProject
Project("{9A19103F-16F7-4668-BE54-9A1E7A4F7556}") = "Challenge1.Services", "Challenge1.Services\Challenge1.Services.csproj", "{EBB5072E-4ABB-4B69-AE51-E0EB4316CCB3}"
EndProject
Project("{9A19103F-16F7-4668-BE54-9A1E7A4F7556}") = "Challenge1.Repository", "Challenge1.Repository\Challenge1.Repository.csproj", "{1D653A24-9005-4403-B491-5EEE2AA559A2}"
EndProject
Global
	GlobalSection(SolutionConfigurationPlatforms) = preSolution
		Debug|Any CPU = Debug|Any CPU
		Release|Any CPU = Release|Any CPU
	EndGlobalSection
	GlobalSection(ProjectConfigurationPlatforms) = postSolution
		{876CE252-B86E-47F4-8952-1AFBD8DB9815}.Debug|Any CPU.ActiveCfg = Debug|Any CPU
		{876CE252-B86E-47F4-8952-1AFBD8DB9815}.Debug|Any CPU.Build.0 = Debug|Any CPU
		{876CE252-B86E-47F4-8952-1AFBD8DB9815}.Release|Any CPU.ActiveCfg = Release|Any CPU
		{876CE252-B86E-47F4-8952-1AFBD8DB9815}.Release|Any CPU.Build.0 = Release|Any CPU
		{BB148610-8A74-4C94-8F03-7E7FCD3496F2}.Debug|Any CPU.ActiveCfg = Debug|Any CPU
		{BB148610-8A74-4C94-8F03-7E7FCD3496F2}.Debug|Any CPU.Build.0 = Debug|Any CPU
		{BB148610-8A74-4C94-8F03-7E7FCD3496F2}.Release|Any CPU.ActiveCfg = Release|Any CPU
		{BB148610-8A74-4C94-8F03-7E7FCD3496F2}.Release|Any CPU.Build.0 = Release|Any CPU
		{EBB5072E-4ABB-4B69-AE51-E0EB4316CCB3}.Debug|Any CPU.ActiveCfg = Debug|Any CPU
		{EBB5072E-4ABB-4B69-AE51-E0EB4316CCB3}.Debug|Any CPU.Build.0 = Debug|Any CPU
		{EBB5072E-4ABB-4B69-AE51-E0EB4316CCB3}.Release|Any CPU.ActiveCfg = Release|Any CPU
		{EBB5072E-4ABB-4B69-AE51-E0EB4316CCB3}.Release|Any CPU.Build.0 = Release|Any CPU
		{1D653A24-9005-4403-B491-5EEE2AA559A2}.Debug|Any CPU.ActiveCfg = Debug|Any CPU
		{1D653A24-9005-4403-B491-5EEE2AA559A2}.Debug|Any CPU.Build.0 = Debug|Any CPU
		{1D653A24-9005-4403-B491-5EEE2AA559A2}.Release|Any CPU.ActiveCfg = Release|Any CPU
		{1D653A24-9005-4403-B491-5EEE2AA559A2}.Release|Any CPU.Build.0 = Release|Any CPU
	EndGlobalSection
	GlobalSection(SolutionProperties) = preSolution
		HideSolutionNode = FALSE
	EndGlobalSection
	GlobalSection(ExtensibilityGlobals) = postSolution
		SolutionGuid = {8AFB86A9-6E1D-4989-BE19-2371DE8DFE7E}
	EndGlobalSection
EndGlobal
